
Microsoft Visual Studio Solution File, Format Version 12.00
# Visual Studio Version 17
VisualStudioVersion = 17.0.31903.59
MinimumVisualStudioVersion = 10.0.40219.1
Project("{FAE04EC0-301F-11D3-BF4B-00C04F79EFBC}") = "Server.Communication.GRPC", "Server.Communication.GRPC\Server.Communication.GRPC.csproj", "{AD3ED8A2-FE66-4CDD-997E-AFE0346B66F3}"
EndProject
Project("{FAE04EC0-301F-11D3-BF4B-00C04F79EFBC}") = "Server.Communication.Events", "Server.Communication.Events\Server.Communication.Events.csproj", "{2C14D8BE-4AE5-4430-9F2C-42FCF284A96D}"
EndProject
Project("{FAE04EC0-301F-11D3-BF4B-00C04F79EFBC}") = "Server.Communication.Socket", "Server.Communication.Socket\Server.Communication.Socket.csproj", "{06F0E2D6-8667-4C2F-AE58-46538243A6F5}"
EndProject
Project("{FAE04EC0-301F-11D3-BF4B-00C04F79EFBC}") = "Server.Communication.Background", "Server.Communication.Background\Server.Communication.Background.csproj", "{C57A653F-1ECB-4834-841D-39D2AE637095}"
EndProject
Global
	GlobalSection(SolutionConfigurationPlatforms) = preSolution
		Debug|Any CPU = Debug|Any CPU
		Release|Any CPU = Release|Any CPU
	EndGlobalSection
	GlobalSection(SolutionProperties) = preSolution
		HideSolutionNode = FALSE
	EndGlobalSection
	GlobalSection(ProjectConfigurationPlatforms) = postSolution
		{AD3ED8A2-FE66-4CDD-997E-AFE0346B66F3}.Debug|Any CPU.ActiveCfg = Debug|Any CPU
		{AD3ED8A2-FE66-4CDD-997E-AFE0346B66F3}.Debug|Any CPU.Build.0 = Debug|Any CPU
		{AD3ED8A2-FE66-4CDD-997E-AFE0346B66F3}.Release|Any CPU.ActiveCfg = Release|Any CPU
		{AD3ED8A2-FE66-4CDD-997E-AFE0346B66F3}.Release|Any CPU.Build.0 = Release|Any CPU
		{2C14D8BE-4AE5-4430-9F2C-42FCF284A96D}.Debug|Any CPU.ActiveCfg = Debug|Any CPU
		{2C14D8BE-4AE5-4430-9F2C-42FCF284A96D}.Debug|Any CPU.Build.0 = Debug|Any CPU
		{2C14D8BE-4AE5-4430-9F2C-42FCF284A96D}.Release|Any CPU.ActiveCfg = Release|Any CPU
		{2C14D8BE-4AE5-4430-9F2C-42FCF284A96D}.Release|Any CPU.Build.0 = Release|Any CPU
		{06F0E2D6-8667-4C2F-AE58-46538243A6F5}.Debug|Any CPU.ActiveCfg = Debug|Any CPU
		{06F0E2D6-8667-4C2F-AE58-46538243A6F5}.Debug|Any CPU.Build.0 = Debug|Any CPU
		{06F0E2D6-8667-4C2F-AE58-46538243A6F5}.Release|Any CPU.ActiveCfg = Release|Any CPU
		{06F0E2D6-8667-4C2F-AE58-46538243A6F5}.Release|Any CPU.Build.0 = Release|Any CPU
		{C57A653F-1ECB-4834-841D-39D2AE637095}.Debug|Any CPU.ActiveCfg = Debug|Any CPU
		{C57A653F-1ECB-4834-841D-39D2AE637095}.Debug|Any CPU.Build.0 = Debug|Any CPU
		{C57A653F-1ECB-4834-841D-39D2AE637095}.Release|Any CPU.ActiveCfg = Release|Any CPU
		{C57A653F-1ECB-4834-841D-39D2AE637095}.Release|Any CPU.Build.0 = Release|Any CPU
	EndGlobalSection
EndGlobal
